// !$*UTF8*$!
{
	archiveVersion = 1;
	classes = {
	};
	objectVersion = 77;
	objects = {

/* Begin PBXContainerItemProxy section */
		D679F8282CE57158007D124C /* PBXContainerItemProxy */ = {
			isa = PBXContainerItemProxy;
			containerPortal = D679F80F2CE57155007D124C /* Project object */;
			proxyType = 1;
			remoteGlobalIDString = D679F8162CE57155007D124C;
			remoteInfo = ElectronicNoticeBoard;
		};
		D679F8322CE57158007D124C /* PBXContainerItemProxy */ = {
			isa = PBXContainerItemProxy;
			containerPortal = D679F80F2CE57155007D124C /* Project object */;
			proxyType = 1;
			remoteGlobalIDString = D679F8162CE57155007D124C;
			remoteInfo = ElectronicNoticeBoard;
		};
/* End PBXContainerItemProxy section */

/* Begin PBXFileReference section */
		D679F8172CE57155007D124C /* ElectronicNoticeBoard.app */ = {isa = PBXFileReference; explicitFileType = wrapper.application; includeInIndex = 0; path = ElectronicNoticeBoard.app; sourceTree = BUILT_PRODUCTS_DIR; };
		D679F8272CE57158007D124C /* ElectronicNoticeBoardTests.xctest */ = {isa = PBXFileReference; explicitFileType = wrapper.cfbundle; includeInIndex = 0; path = ElectronicNoticeBoardTests.xctest; sourceTree = BUILT_PRODUCTS_DIR; };
		D679F8312CE57158007D124C /* ElectronicNoticeBoardUITests.xctest */ = {isa = PBXFileReference; explicitFileType = wrapper.cfbundle; includeInIndex = 0; path = ElectronicNoticeBoardUITests.xctest; sourceTree = BUILT_PRODUCTS_DIR; };
/* End PBXFileReference section */

/* Begin PBXFileSystemSynchronizedRootGroup section */
		D679F8192CE57155007D124C /* ElectronicNoticeBoard */ = {
			isa = PBXFileSystemSynchronizedRootGroup;
			path = ElectronicNoticeBoard;
			sourceTree = "<group>";
		};
		D679F82A2CE57158007D124C /* ElectronicNoticeBoardTests */ = {
			isa = PBXFileSystemSynchronizedRootGroup;
			path = ElectronicNoticeBoardTests;
			sourceTree = "<group>";
		};
		D679F8342CE57158007D124C /* ElectronicNoticeBoardUITests */ = {
			isa = PBXFileSystemSynchronizedRootGroup;
			path = ElectronicNoticeBoardUITests;
			sourceTree = "<group>";
		};
/* End PBXFileSystemSynchronizedRootGroup section */

/* Begin PBXFrameworksBuildPhase section */
		D679F8142CE57155007D124C /* Frameworks */ = {
			isa = PBXFrameworksBuildPhase;
			buildActionMask = 2147483647;
			files = (
			);
			runOnlyForDeploymentPostprocessing = 0;
		};
		D679F8242CE57158007D124C /* Frameworks */ = {
			isa = PBXFrameworksBuildPhase;
			buildActionMask = 2147483647;
			files = (
			);
			runOnlyForDeploymentPostprocessing = 0;
		};
		D679F82E2CE57158007D124C /* Frameworks */ = {
			isa = PBXFrameworksBuildPhase;
			buildActionMask = 2147483647;
			files = (
			);
			runOnlyForDeploymentPostprocessing = 0;
		};
/* End PBXFrameworksBuildPhase section */

/* Begin PBXGroup section */
		D679F80E2CE57155007D124C = {
			isa = PBXGroup;
			children = (
				D679F8192CE57155007D124C /* ElectronicNoticeBoard */,
				D679F82A2CE57158007D124C /* ElectronicNoticeBoardTests */,
				D679F8342CE57158007D124C /* ElectronicNoticeBoardUITests */,
				D679F8182CE57155007D124C /* Products */,
			);
			sourceTree = "<group>";
		};
		D679F8182CE57155007D124C /* Products */ = {
			isa = PBXGroup;
			children = (
				D679F8172CE57155007D124C /* ElectronicNoticeBoard.app */,
				D679F8272CE57158007D124C /* ElectronicNoticeBoardTests.xctest */,
				D679F8312CE57158007D124C /* ElectronicNoticeBoardUITests.xctest */,
			);
			name = Products;
			sourceTree = "<group>";
		};
/* End PBXGroup section */

/* Begin PBXNativeTarget section */
		D679F8162CE57155007D124C /* ElectronicNoticeBoard */ = {
			isa = PBXNativeTarget;
			buildConfigurationList = D679F83B2CE57158007D124C /* Build configuration list for PBXNativeTarget "ElectronicNoticeBoard" */;
			buildPhases = (
				D679F8132CE57155007D124C /* Sources */,
				D679F8142CE57155007D124C /* Frameworks */,
				D679F8152CE57155007D124C /* Resources */,
			);
			buildRules = (
			);
			dependencies = (
			);
			fileSystemSynchronizedGroups = (
				D679F8192CE57155007D124C /* ElectronicNoticeBoard */,
			);
			name = ElectronicNoticeBoard;
			packageProductDependencies = (
			);
			productName = ElectronicNoticeBoard;
			productReference = D679F8172CE57155007D124C /* ElectronicNoticeBoard.app */;
			productType = "com.apple.product-type.application";
		};
		D679F8262CE57158007D124C /* ElectronicNoticeBoardTests */ = {
			isa = PBXNativeTarget;
			buildConfigurationList = D679F83E2CE57158007D124C /* Build configuration list for PBXNativeTarget "ElectronicNoticeBoardTests" */;
			buildPhases = (
				D679F8232CE57158007D124C /* Sources */,
				D679F8242CE57158007D124C /* Frameworks */,
				D679F8252CE57158007D124C /* Resources */,
			);
			buildRules = (
			);
			dependencies = (
				D679F8292CE57158007D124C /* PBXTargetDependency */,
			);
			fileSystemSynchronizedGroups = (
				D679F82A2CE57158007D124C /* ElectronicNoticeBoardTests */,
			);
			name = ElectronicNoticeBoardTests;
			packageProductDependencies = (
			);
			productName = ElectronicNoticeBoardTests;
			productReference = D679F8272CE57158007D124C /* ElectronicNoticeBoardTests.xctest */;
			productType = "com.apple.product-type.bundle.unit-test";
		};
		D679F8302CE57158007D124C /* ElectronicNoticeBoardUITests */ = {
			isa = PBXNativeTarget;
			buildConfigurationList = D679F8412CE57158007D124C /* Build configuration list for PBXNativeTarget "ElectronicNoticeBoardUITests" */;
			buildPhases = (
				D679F82D2CE57158007D124C /* Sources */,
				D679F82E2CE57158007D124C /* Frameworks */,
				D679F82F2CE57158007D124C /* Resources */,
			);
			buildRules = (
			);
			dependencies = (
				D679F8332CE57158007D124C /* PBXTargetDependency */,
			);
			fileSystemSynchronizedGroups = (
				D679F8342CE57158007D124C /* ElectronicNoticeBoardUITests */,
			);
			name = ElectronicNoticeBoardUITests;
			packageProductDependencies = (
			);
			productName = ElectronicNoticeBoardUITests;
			productReference = D679F8312CE57158007D124C /* ElectronicNoticeBoardUITests.xctest */;
			productType = "com.apple.product-type.bundle.ui-testing";
		};
/* End PBXNativeTarget section */

/* Begin PBXProject section */
		D679F80F2CE57155007D124C /* Project object */ = {
			isa = PBXProject;
			attributes = {
				BuildIndependentTargetsInParallel = 1;
				LastSwiftUpdateCheck = 1610;
				LastUpgradeCheck = 1610;
				TargetAttributes = {
					D679F8162CE57155007D124C = {
						CreatedOnToolsVersion = 16.1;
					};
					D679F8262CE57158007D124C = {
						CreatedOnToolsVersion = 16.1;
						TestTargetID = D679F8162CE57155007D124C;
					};
					D679F8302CE57158007D124C = {
						CreatedOnToolsVersion = 16.1;
						TestTargetID = D679F8162CE57155007D124C;
					};
				};
			};
			buildConfigurationList = D679F8122CE57155007D124C /* Build configuration list for PBXProject "ElectronicNoticeBoard" */;
			developmentRegion = en;
			hasScannedForEncodings = 0;
			knownRegions = (
				en,
				Base,
			);
			mainGroup = D679F80E2CE57155007D124C;
			minimizedProjectReferenceProxies = 1;
			preferredProjectObjectVersion = 77;
			productRefGroup = D679F8182CE57155007D124C /* Products */;
			projectDirPath = "";
			projectRoot = "";
			targets = (
				D679F8162CE57155007D124C /* ElectronicNoticeBoard */,
				D679F8262CE57158007D124C /* ElectronicNoticeBoardTests */,
				D679F8302CE57158007D124C /* ElectronicNoticeBoardUITests */,
			);
		};
/* End PBXProject section */

/* Begin PBXResourcesBuildPhase section */
		D679F8152CE57155007D124C /* Resources */ = {
			isa = PBXResourcesBuildPhase;
			buildActionMask = 2147483647;
			files = (
			);
			runOnlyForDeploymentPostprocessing = 0;
		};
		D679F8252CE57158007D124C /* Resources */ = {
			isa = PBXResourcesBuildPhase;
			buildActionMask = 2147483647;
			files = (
			);
			runOnlyForDeploymentPostprocessing = 0;
		};
		D679F82F2CE57158007D124C /* Resources */ = {
			isa = PBXResourcesBuildPhase;
			buildActionMask = 2147483647;
			files = (
			);
			runOnlyForDeploymentPostprocessing = 0;
		};
/* End PBXResourcesBuildPhase section */

/* Begin PBXSourcesBuildPhase section */
		D679F8132CE57155007D124C /* Sources */ = {
			isa = PBXSourcesBuildPhase;
			buildActionMask = 2147483647;
			files = (
			);
			runOnlyForDeploymentPostprocessing = 0;
		};
		D679F8232CE57158007D124C /* Sources */ = {
			isa = PBXSourcesBuildPhase;
			buildActionMask = 2147483647;
			files = (
			);
			runOnlyForDeploymentPostprocessing = 0;
		};
		D679F82D2CE57158007D124C /* Sources */ = {
			isa = PBXSourcesBuildPhase;
			buildActionMask = 2147483647;
			files = (
			);
			runOnlyForDeploymentPostprocessing = 0;
		};
/* End PBXSourcesBuildPhase section */

/* Begin PBXTargetDependency section */
		D679F8292CE57158007D124C /* PBXTargetDependency */ = {
			isa = PBXTargetDependency;
			target = D679F8162CE57155007D124C /* ElectronicNoticeBoard */;
			targetProxy = D679F8282CE57158007D124C /* PBXContainerItemProxy */;
		};
		D679F8332CE57158007D124C /* PBXTargetDependency */ = {
			isa = PBXTargetDependency;
			target = D679F8162CE57155007D124C /* ElectronicNoticeBoard */;
			targetProxy = D679F8322CE57158007D124C /* PBXContainerItemProxy */;
		};
/* End PBXTargetDependency section */

/* Begin XCBuildConfiguration section */
		D679F8392CE57158007D124C /* Debug */ = {
			isa = XCBuildConfiguration;
			buildSettings = {
				ALWAYS_SEARCH_USER_PATHS = NO;
				ASSETCATALOG_COMPILER_GENERATE_SWIFT_ASSET_SYMBOL_EXTENSIONS = YES;
				CLANG_ANALYZER_NONNULL = YES;
				CLANG_ANALYZER_NUMBER_OBJECT_CONVERSION = YES_AGGRESSIVE;
				CLANG_CXX_LANGUAGE_STANDARD = "gnu++20";
				CLANG_ENABLE_MODULES = YES;
				CLANG_ENABLE_OBJC_ARC = YES;
				CLANG_ENABLE_OBJC_WEAK = YES;
				CLANG_WARN_BLOCK_CAPTURE_AUTORELEASING = YES;
				CLANG_WARN_BOOL_CONVERSION = YES;
				CLANG_WARN_COMMA = YES;
				CLANG_WARN_CONSTANT_CONVERSION = YES;
				CLANG_WARN_DEPRECATED_OBJC_IMPLEMENTATIONS = YES;
				CLANG_WARN_DIRECT_OBJC_ISA_USAGE = YES_ERROR;
				CLANG_WARN_DOCUMENTATION_COMMENTS = YES;
				CLANG_WARN_EMPTY_BODY = YES;
				CLANG_WARN_ENUM_CONVERSION = YES;
				CLANG_WARN_INFINITE_RECURSION = YES;
				CLANG_WARN_INT_CONVERSION = YES;
				CLANG_WARN_NON_LITERAL_NULL_CONVERSION = YES;
				CLANG_WARN_OBJC_IMPLICIT_RETAIN_SELF = YES;
				CLANG_WARN_OBJC_LITERAL_CONVERSION = YES;
				CLANG_WARN_OBJC_ROOT_CLASS = YES_ERROR;
				CLANG_WARN_QUOTED_INCLUDE_IN_FRAMEWORK_HEADER = YES;
				CLANG_WARN_RANGE_LOOP_ANALYSIS = YES;
				CLANG_WARN_STRICT_PROTOTYPES = YES;
				CLANG_WARN_SUSPICIOUS_MOVE = YES;
				CLANG_WARN_UNGUARDED_AVAILABILITY = YES_AGGRESSIVE;
				CLANG_WARN_UNREACHABLE_CODE = YES;
				CLANG_WARN__DUPLICATE_METHOD_MATCH = YES;
				COPY_PHASE_STRIP = NO;
				DEBUG_INFORMATION_FORMAT = dwarf;
				ENABLE_STRICT_OBJC_MSGSEND = YES;
				ENABLE_TESTABILITY = YES;
				ENABLE_USER_SCRIPT_SANDBOXING = YES;
				GCC_C_LANGUAGE_STANDARD = gnu17;
				GCC_DYNAMIC_NO_PIC = NO;
				GCC_NO_COMMON_BLOCKS = YES;
				GCC_OPTIMIZATION_LEVEL = 0;
				GCC_PREPROCESSOR_DEFINITIONS = (
					"DEBUG=1",
					"$(inherited)",
				);
				GCC_WARN_64_TO_32_BIT_CONVERSION = YES;
				GCC_WARN_ABOUT_RETURN_TYPE = YES_ERROR;
				GCC_WARN_UNDECLARED_SELECTOR = YES;
				GCC_WARN_UNINITIALIZED_AUTOS = YES_AGGRESSIVE;
				GCC_WARN_UNUSED_FUNCTION = YES;
				GCC_WARN_UNUSED_VARIABLE = YES;
				IPHONEOS_DEPLOYMENT_TARGET = 18.1;
				LOCALIZATION_PREFERS_STRING_CATALOGS = YES;
				MTL_ENABLE_DEBUG_INFO = INCLUDE_SOURCE;
				MTL_FAST_MATH = YES;
				ONLY_ACTIVE_ARCH = YES;
				SDKROOT = iphoneos;
				SWIFT_ACTIVE_COMPILATION_CONDITIONS = "DEBUG $(inherited)";
				SWIFT_OPTIMIZATION_LEVEL = "-Onone";
			};
			name = Debug;
		};
		D679F83A2CE57158007D124C /* Release */ = {
			isa = XCBuildConfiguration;
			buildSettings = {
				ALWAYS_SEARCH_USER_PATHS = NO;
				ASSETCATALOG_COMPILER_GENERATE_SWIFT_ASSET_SYMBOL_EXTENSIONS = YES;
				CLANG_ANALYZER_NONNULL = YES;
				CLANG_ANALYZER_NUMBER_OBJECT_CONVERSION = YES_AGGRESSIVE;
				CLANG_CXX_LANGUAGE_STANDARD = "gnu++20";
				CLANG_ENABLE_MODULES = YES;
				CLANG_ENABLE_OBJC_ARC = YES;
				CLANG_ENABLE_OBJC_WEAK = YES;
				CLANG_WARN_BLOCK_CAPTURE_AUTORELEASING = YES;
				CLANG_WARN_BOOL_CONVERSION = YES;
				CLANG_WARN_COMMA = YES;
				CLANG_WARN_CONSTANT_CONVERSION = YES;
				CLANG_WARN_DEPRECATED_OBJC_IMPLEMENTATIONS = YES;
				CLANG_WARN_DIRECT_OBJC_ISA_USAGE = YES_ERROR;
				CLANG_WARN_DOCUMENTATION_COMMENTS = YES;
				CLANG_WARN_EMPTY_BODY = YES;
				CLANG_WARN_ENUM_CONVERSION = YES;
				CLANG_WARN_INFINITE_RECURSION = YES;
				CLANG_WARN_INT_CONVERSION = YES;
				CLANG_WARN_NON_LITERAL_NULL_CONVERSION = YES;
				CLANG_WARN_OBJC_IMPLICIT_RETAIN_SELF = YES;
				CLANG_WARN_OBJC_LITERAL_CONVERSION = YES;
				CLANG_WARN_OBJC_ROOT_CLASS = YES_ERROR;
				CLANG_WARN_QUOTED_INCLUDE_IN_FRAMEWORK_HEADER = YES;
				CLANG_WARN_RANGE_LOOP_ANALYSIS = YES;
				CLANG_WARN_STRICT_PROTOTYPES = YES;
				CLANG_WARN_SUSPICIOUS_MOVE = YES;
				CLANG_WARN_UNGUARDED_AVAILABILITY = YES_AGGRESSIVE;
				CLANG_WARN_UNREACHABLE_CODE = YES;
				CLANG_WARN__DUPLICATE_METHOD_MATCH = YES;
				COPY_PHASE_STRIP = NO;
				DEBUG_INFORMATION_FORMAT = "dwarf-with-dsym";
				ENABLE_NS_ASSERTIONS = NO;
				ENABLE_STRICT_OBJC_MSGSEND = YES;
				ENABLE_USER_SCRIPT_SANDBOXING = YES;
				GCC_C_LANGUAGE_STANDARD = gnu17;
				GCC_NO_COMMON_BLOCKS = YES;
				GCC_WARN_64_TO_32_BIT_CONVERSION = YES;
				GCC_WARN_ABOUT_RETURN_TYPE = YES_ERROR;
				GCC_WARN_UNDECLARED_SELECTOR = YES;
				GCC_WARN_UNINITIALIZED_AUTOS = YES_AGGRESSIVE;
				GCC_WARN_UNUSED_FUNCTION = YES;
				GCC_WARN_UNUSED_VARIABLE = YES;
				IPHONEOS_DEPLOYMENT_TARGET = 18.1;
				LOCALIZATION_PREFERS_STRING_CATALOGS = YES;
				MTL_ENABLE_DEBUG_INFO = NO;
				MTL_FAST_MATH = YES;
				SDKROOT = iphoneos;
				SWIFT_COMPILATION_MODE = wholemodule;
				VALIDATE_PRODUCT = YES;
			};
			name = Release;
		};
		D679F83C2CE57158007D124C /* Debug */ = {
			isa = XCBuildConfiguration;
			buildSettings = {
				ASSETCATALOG_COMPILER_APPICON_NAME = AppIcon;
				ASSETCATALOG_COMPILER_GLOBAL_ACCENT_COLOR_NAME = AccentColor;
				CODE_SIGN_STYLE = Automatic;
				CURRENT_PROJECT_VERSION = 1;
				DEVELOPMENT_ASSET_PATHS = "\"ElectronicNoticeBoard/Preview Content\"";
				ENABLE_PREVIEWS = YES;
				GENERATE_INFOPLIST_FILE = YES;
				INFOPLIST_KEY_UIApplicationSceneManifest_Generation = YES;
				INFOPLIST_KEY_UIApplicationSupportsIndirectInputEvents = YES;
				INFOPLIST_KEY_UILaunchScreen_Generation = YES;
				INFOPLIST_KEY_UISupportedInterfaceOrientations_iPad = "UIInterfaceOrientationPortrait UIInterfaceOrientationPortraitUpsideDown UIInterfaceOrientationLandscapeLeft UIInterfaceOrientationLandscapeRight";
				INFOPLIST_KEY_UISupportedInterfaceOrientations_iPhone = "UIInterfaceOrientationPortrait UIInterfaceOrientationLandscapeLeft UIInterfaceOrientationLandscapeRight";
				IPHONEOS_DEPLOYMENT_TARGET = 18.1;
				LD_RUNPATH_SEARCH_PATHS = (
					"$(inherited)",
					"@executable_path/Frameworks",
				);
				MARKETING_VERSION = 1.0;
				PRODUCT_BUNDLE_IDENTIFIER = com.shahbaz.ElectronicNoticeBoard;
				PRODUCT_NAME = "$(TARGET_NAME)";
				SWIFT_EMIT_LOC_STRINGS = YES;
				SWIFT_VERSION = 5.0;
				TARGETED_DEVICE_FAMILY = "1,2";
			};
			name = Debug;
		};
		D679F83D2CE57158007D124C /* Release */ = {
			isa = XCBuildConfiguration;
			buildSettings = {
				ASSETCATALOG_COMPILER_APPICON_NAME = AppIcon;
				ASSETCATALOG_COMPILER_GLOBAL_ACCENT_COLOR_NAME = AccentColor;
				CODE_SIGN_STYLE = Automatic;
				CURRENT_PROJECT_VERSION = 1;
				DEVELOPMENT_ASSET_PATHS = "\"ElectronicNoticeBoard/Preview Content\"";
				ENABLE_PREVIEWS = YES;
				GENERATE_INFOPLIST_FILE = YES;
				INFOPLIST_KEY_UIApplicationSceneManifest_Generation = YES;
				INFOPLIST_KEY_UIApplicationSupportsIndirectInputEvents = YES;
				INFOPLIST_KEY_UILaunchScreen_Generation = YES;
				INFOPLIST_KEY_UISupportedInterfaceOrientations_iPad = "UIInterfaceOrientationPortrait UIInterfaceOrientationPortraitUpsideDown UIInterfaceOrientationLandscapeLeft UIInterfaceOrientationLandscapeRight";
				INFOPLIST_KEY_UISupportedInterfaceOrientations_iPhone = "UIInterfaceOrientationPortrait UIInterfaceOrientationLandscapeLeft UIInterfaceOrientationLandscapeRight";
				IPHONEOS_DEPLOYMENT_TARGET = 18.1;
				LD_RUNPATH_SEARCH_PATHS = (
					"$(inherited)",
					"@executable_path/Frameworks",
				);
				MARKETING_VERSION = 1.0;
				PRODUCT_BUNDLE_IDENTIFIER = com.shahbaz.ElectronicNoticeBoard;
				PRODUCT_NAME = "$(TARGET_NAME)";
				SWIFT_EMIT_LOC_STRINGS = YES;
				SWIFT_VERSION = 5.0;
				TARGETED_DEVICE_FAMILY = "1,2";
			};
			name = Release;
		};
		D679F83F2CE57158007D124C /* Debug */ = {
			isa = XCBuildConfiguration;
			buildSettings = {
				BUNDLE_LOADER = "$(TEST_HOST)";
				CODE_SIGN_STYLE = Automatic;
				CURRENT_PROJECT_VERSION = 1;
				GENERATE_INFOPLIST_FILE = YES;
				IPHONEOS_DEPLOYMENT_TARGET = 18.1;
				MARKETING_VERSION = 1.0;
				PRODUCT_BUNDLE_IDENTIFIER = com.shahbaz.ElectronicNoticeBoardTests;
				PRODUCT_NAME = "$(TARGET_NAME)";
				SWIFT_EMIT_LOC_STRINGS = NO;
				SWIFT_VERSION = 5.0;
				TARGETED_DEVICE_FAMILY = "1,2";
				TEST_HOST = "$(BUILT_PRODUCTS_DIR)/ElectronicNoticeBoard.app/$(BUNDLE_EXECUTABLE_FOLDER_PATH)/ElectronicNoticeBoard";
			};
			name = Debug;
		};
		D679F8402CE57158007D124C /* Release */ = {
			isa = XCBuildConfiguration;
			buildSettings = {
				BUNDLE_LOADER = "$(TEST_HOST)";
				CODE_SIGN_STYLE = Automatic;
				CURRENT_PROJECT_VERSION = 1;
				GENERATE_INFOPLIST_FILE = YES;
				IPHONEOS_DEPLOYMENT_TARGET = 18.1;
				MARKETING_VERSION = 1.0;
				PRODUCT_BUNDLE_IDENTIFIER = com.shahbaz.ElectronicNoticeBoardTests;
				PRODUCT_NAME = "$(TARGET_NAME)";
				SWIFT_EMIT_LOC_STRINGS = NO;
				SWIFT_VERSION = 5.0;
				TARGETED_DEVICE_FAMILY = "1,2";
				TEST_HOST = "$(BUILT_PRODUCTS_DIR)/ElectronicNoticeBoard.app/$(BUNDLE_EXECUTABLE_FOLDER_PATH)/ElectronicNoticeBoard";
			};
			name = Release;
		};
		D679F8422CE57158007D124C /* Debug */ = {
			isa = XCBuildConfiguration;
			buildSettings = {
				CODE_SIGN_STYLE = Automatic;
				CURRENT_PROJECT_VERSION = 1;
				GENERATE_INFOPLIST_FILE = YES;
				MARKETING_VERSION = 1.0;
				PRODUCT_BUNDLE_IDENTIFIER = com.shahbaz.ElectronicNoticeBoardUITests;
				PRODUCT_NAME = "$(TARGET_NAME)";
				SWIFT_EMIT_LOC_STRINGS = NO;
				SWIFT_VERSION = 5.0;
				TARGETED_DEVICE_FAMILY = "1,2";
				TEST_TARGET_NAME = ElectronicNoticeBoard;
			};
			name = Debug;
		};
		D679F8432CE57158007D124C /* Release */ = {
			isa = XCBuildConfiguration;
			buildSettings = {
				CODE_SIGN_STYLE = Automatic;
				CURRENT_PROJECT_VERSION = 1;
				GENERATE_INFOPLIST_FILE = YES;
				MARKETING_VERSION = 1.0;
				PRODUCT_BUNDLE_IDENTIFIER = com.shahbaz.ElectronicNoticeBoardUITests;
				PRODUCT_NAME = "$(TARGET_NAME)";
				SWIFT_EMIT_LOC_STRINGS = NO;
				SWIFT_VERSION = 5.0;
				TARGETED_DEVICE_FAMILY = "1,2";
				TEST_TARGET_NAME = ElectronicNoticeBoard;
			};
			name = Release;
		};
/* End XCBuildConfiguration section */

/* Begin XCConfigurationList section */
		D679F8122CE57155007D124C /* Build configuration list for PBXProject "ElectronicNoticeBoard" */ = {
			isa = XCConfigurationList;
			buildConfigurations = (
				D679F8392CE57158007D124C /* Debug */,
				D679F83A2CE57158007D124C /* Release */,
			);
			defaultConfigurationIsVisible = 0;
			defaultConfigurationName = Release;
		};
		D679F83B2CE57158007D124C /* Build configuration list for PBXNativeTarget "ElectronicNoticeBoard" */ = {
			isa = XCConfigurationList;
			buildConfigurations = (
				D679F83C2CE57158007D124C /* Debug */,
				D679F83D2CE57158007D124C /* Release */,
			);
			defaultConfigurationIsVisible = 0;
			defaultConfigurationName = Release;
		};
		D679F83E2CE57158007D124C /* Build configuration list for PBXNativeTarget "ElectronicNoticeBoardTests" */ = {
			isa = XCConfigurationList;
			buildConfigurations = (
				D679F83F2CE57158007D124C /* Debug */,
				D679F8402CE57158007D124C /* Release */,
			);
			defaultConfigurationIsVisible = 0;
			defaultConfigurationName = Release;
		};
		D679F8412CE57158007D124C /* Build configuration list for PBXNativeTarget "ElectronicNoticeBoardUITests" */ = {
			isa = XCConfigurationList;
			buildConfigurations = (
				D679F8422CE57158007D124C /* Debug */,
				D679F8432CE57158007D124C /* Release */,
			);
			defaultConfigurationIsVisible = 0;
			defaultConfigurationName = Release;
		};
/* End XCConfigurationList section */
	};
	rootObject = D679F80F2CE57155007D124C /* Project object */;
}
